// !$*UTF8*$!
{
	archiveVersion = 1;
	classes = {
	};
	objectVersion = 46;
	objects = {

/* Begin PBXBuildFile section */
		C7B150E31B93012700A4579E /* AppDelegate.swift in Sources */ = {isa = PBXBuildFile; fileRef = C7B150E21B93012700A4579E /* AppDelegate.swift */; };
		C7B150E81B93012700A4579E /* Main.storyboard in Resources */ = {isa = PBXBuildFile; fileRef = C7B150E61B93012700A4579E /* Main.storyboard */; };
		C7B150EA1B93012700A4579E /* Assets.xcassets in Resources */ = {isa = PBXBuildFile; fileRef = C7B150E91B93012700A4579E /* Assets.xcassets */; };
		C7B150ED1B93012700A4579E /* LaunchScreen.storyboard in Resources */ = {isa = PBXBuildFile; fileRef = C7B150EB1B93012700A4579E /* LaunchScreen.storyboard */; };
		C7B150F81B93012800A4579E /* DropitTests.swift in Sources */ = {isa = PBXBuildFile; fileRef = C7B150F71B93012800A4579E /* DropitTests.swift */; };
		C7B151031B93012800A4579E /* DropitUITests.swift in Sources */ = {isa = PBXBuildFile; fileRef = C7B151021B93012800A4579E /* DropitUITests.swift */; };
		C7B151131B93016B00A4579E /* DropitViewController.swift in Sources */ = {isa = PBXBuildFile; fileRef = C7B151121B93016B00A4579E /* DropitViewController.swift */; };
		C7B151151B930CEF00A4579E /* DropitBehaviour.swift in Sources */ = {isa = PBXBuildFile; fileRef = C7B151141B930CEF00A4579E /* DropitBehaviour.swift */; };
		C7B151171B93435E00A4579E /* BezierPathView.swift in Sources */ = {isa = PBXBuildFile; fileRef = C7B151161B93435E00A4579E /* BezierPathView.swift */; };
/* End PBXBuildFile section */

/* Begin PBXContainerItemProxy section */
		C7B150F41B93012800A4579E /* PBXContainerItemProxy */ = {
			isa = PBXContainerItemProxy;
			containerPortal = C7B150D71B93012700A4579E /* Project object */;
			proxyType = 1;
			remoteGlobalIDString = C7B150DE1B93012700A4579E;
			remoteInfo = Dropit;
		};
		C7B150FF1B93012800A4579E /* PBXContainerItemProxy */ = {
			isa = PBXContainerItemProxy;
			containerPortal = C7B150D71B93012700A4579E /* Project object */;
			proxyType = 1;
			remoteGlobalIDString = C7B150DE1B93012700A4579E;
			remoteInfo = Dropit;
		};
/* End PBXContainerItemProxy section */

/* Begin PBXFileReference section */
		C7B150DF1B93012700A4579E /* Dropit.app */ = {isa = PBXFileReference; explicitFileType = wrapper.application; includeInIndex = 0; path = Dropit.app; sourceTree = BUILT_PRODUCTS_DIR; };
		C7B150E21B93012700A4579E /* AppDelegate.swift */ = {isa = PBXFileReference; lastKnownFileType = sourcecode.swift; path = AppDelegate.swift; sourceTree = "<group>"; };
		C7B150E71B93012700A4579E /* Base */ = {isa = PBXFileReference; lastKnownFileType = file.storyboard; name = Base; path = Base.lproj/Main.storyboard; sourceTree = "<group>"; };
		C7B150E91B93012700A4579E /* Assets.xcassets */ = {isa = PBXFileReference; lastKnownFileType = folder.assetcatalog; path = Assets.xcassets; sourceTree = "<group>"; };
		C7B150EC1B93012700A4579E /* Base */ = {isa = PBXFileReference; lastKnownFileType = file.storyboard; name = Base; path = Base.lproj/LaunchScreen.storyboard; sourceTree = "<group>"; };
		C7B150EE1B93012700A4579E /* Info.plist */ = {isa = PBXFileReference; lastKnownFileType = text.plist.xml; path = Info.plist; sourceTree = "<group>"; };
		C7B150F31B93012800A4579E /* DropitTests.xctest */ = {isa = PBXFileReference; explicitFileType = wrapper.cfbundle; includeInIndex = 0; path = DropitTests.xctest; sourceTree = BUILT_PRODUCTS_DIR; };
		C7B150F71B93012800A4579E /* DropitTests.swift */ = {isa = PBXFileReference; lastKnownFileType = sourcecode.swift; path = DropitTests.swift; sourceTree = "<group>"; };
		C7B150F91B93012800A4579E /* Info.plist */ = {isa = PBXFileReference; lastKnownFileType = text.plist.xml; path = Info.plist; sourceTree = "<group>"; };
		C7B150FE1B93012800A4579E /* DropitUITests.xctest */ = {isa = PBXFileReference; explicitFileType = wrapper.cfbundle; includeInIndex = 0; path = DropitUITests.xctest; sourceTree = BUILT_PRODUCTS_DIR; };
		C7B151021B93012800A4579E /* DropitUITests.swift */ = {isa = PBXFileReference; lastKnownFileType = sourcecode.swift; path = DropitUITests.swift; sourceTree = "<group>"; };
		C7B151041B93012800A4579E /* Info.plist */ = {isa = PBXFileReference; lastKnownFileType = text.plist.xml; path = Info.plist; sourceTree = "<group>"; };
		C7B151121B93016B00A4579E /* DropitViewController.swift */ = {isa = PBXFileReference; fileEncoding = 4; lastKnownFileType = sourcecode.swift; path = DropitViewController.swift; sourceTree = "<group>"; };
		C7B151141B930CEF00A4579E /* DropitBehaviour.swift */ = {isa = PBXFileReference; fileEncoding = 4; lastKnownFileType = sourcecode.swift; path = DropitBehaviour.swift; sourceTree = "<group>"; };
		C7B151161B93435E00A4579E /* BezierPathView.swift */ = {isa = PBXFileReference; fileEncoding = 4; lastKnownFileType = sourcecode.swift; path = BezierPathView.swift; sourceTree = "<group>"; };
/* End PBXFileReference section */

/* Begin PBXFrameworksBuildPhase section */
		C7B150DC1B93012700A4579E /* Frameworks */ = {
			isa = PBXFrameworksBuildPhase;
			buildActionMask = 2147483647;
			files = (
			);
			runOnlyForDeploymentPostprocessing = 0;
		};
		C7B150F01B93012800A4579E /* Frameworks */ = {
			isa = PBXFrameworksBuildPhase;
			buildActionMask = 2147483647;
			files = (
			);
			runOnlyForDeploymentPostprocessing = 0;
		};
		C7B150FB1B93012800A4579E /* Frameworks */ = {
			isa = PBXFrameworksBuildPhase;
			buildActionMask = 2147483647;
			files = (
			);
			runOnlyForDeploymentPostprocessing = 0;
		};
/* End PBXFrameworksBuildPhase section */

/* Begin PBXGroup section */
		C7B150D61B93012700A4579E = {
			isa = PBXGroup;
			children = (
				C7B150E11B93012700A4579E /* Dropit */,
				C7B150F61B93012800A4579E /* DropitTests */,
				C7B151011B93012800A4579E /* DropitUITests */,
				C7B150E01B93012700A4579E /* Products */,
			);
			sourceTree = "<group>";
		};
		C7B150E01B93012700A4579E /* Products */ = {
			isa = PBXGroup;
			children = (
				C7B150DF1B93012700A4579E /* Dropit.app */,
				C7B150F31B93012800A4579E /* DropitTests.xctest */,
				C7B150FE1B93012800A4579E /* DropitUITests.xctest */,
			);
			name = Products;
			sourceTree = "<group>";
		};
		C7B150E11B93012700A4579E /* Dropit */ = {
			isa = PBXGroup;
			children = (
				C7B150E21B93012700A4579E /* AppDelegate.swift */,
				C7B151121B93016B00A4579E /* DropitViewController.swift */,
				C7B150E61B93012700A4579E /* Main.storyboard */,
				C7B151161B93435E00A4579E /* BezierPathView.swift */,
				C7B150E91B93012700A4579E /* Assets.xcassets */,
				C7B151141B930CEF00A4579E /* DropitBehaviour.swift */,
				C7B150EB1B93012700A4579E /* LaunchScreen.storyboard */,
				C7B150EE1B93012700A4579E /* Info.plist */,
			);
			path = Dropit;
			sourceTree = "<group>";
		};
		C7B150F61B93012800A4579E /* DropitTests */ = {
			isa = PBXGroup;
			children = (
				C7B150F71B93012800A4579E /* DropitTests.swift */,
				C7B150F91B93012800A4579E /* Info.plist */,
			);
			path = DropitTests;
			sourceTree = "<group>";
		};
		C7B151011B93012800A4579E /* DropitUITests */ = {
			isa = PBXGroup;
			children = (
				C7B151021B93012800A4579E /* DropitUITests.swift */,
				C7B151041B93012800A4579E /* Info.plist */,
			);
			path = DropitUITests;
			sourceTree = "<group>";
		};
/* End PBXGroup section */

/* Begin PBXNativeTarget section */
		C7B150DE1B93012700A4579E /* Dropit */ = {
			isa = PBXNativeTarget;
			buildConfigurationList = C7B151071B93012800A4579E /* Build configuration list for PBXNativeTarget "Dropit" */;
			buildPhases = (
				C7B150DB1B93012700A4579E /* Sources */,
				C7B150DC1B93012700A4579E /* Frameworks */,
				C7B150DD1B93012700A4579E /* Resources */,
			);
			buildRules = (
			);
			dependencies = (
			);
			name = Dropit;
			productName = Dropit;
			productReference = C7B150DF1B93012700A4579E /* Dropit.app */;
			productType = "com.apple.product-type.application";
		};
		C7B150F21B93012800A4579E /* DropitTests */ = {
			isa = PBXNativeTarget;
			buildConfigurationList = C7B1510A1B93012800A4579E /* Build configuration list for PBXNativeTarget "DropitTests" */;
			buildPhases = (
				C7B150EF1B93012800A4579E /* Sources */,
				C7B150F01B93012800A4579E /* Frameworks */,
				C7B150F11B93012800A4579E /* Resources */,
			);
			buildRules = (
			);
			dependencies = (
				C7B150F51B93012800A4579E /* PBXTargetDependency */,
			);
			name = DropitTests;
			productName = DropitTests;
			productReference = C7B150F31B93012800A4579E /* DropitTests.xctest */;
			productType = "com.apple.product-type.bundle.unit-test";
		};
		C7B150FD1B93012800A4579E /* DropitUITests */ = {
			isa = PBXNativeTarget;
			buildConfigurationList = C7B1510D1B93012800A4579E /* Build configuration list for PBXNativeTarget "DropitUITests" */;
			buildPhases = (
				C7B150FA1B93012800A4579E /* Sources */,
				C7B150FB1B93012800A4579E /* Frameworks */,
				C7B150FC1B93012800A4579E /* Resources */,
			);
			buildRules = (
			);
			dependencies = (
				C7B151001B93012800A4579E /* PBXTargetDependency */,
			);
			name = DropitUITests;
			productName = DropitUITests;
			productReference = C7B150FE1B93012800A4579E /* DropitUITests.xctest */;
			productType = "com.apple.product-type.bundle.ui-testing";
		};
/* End PBXNativeTarget section */

/* Begin PBXProject section */
		C7B150D71B93012700A4579E /* Project object */ = {
			isa = PBXProject;
			attributes = {
				LastUpgradeCheck = 0700;
				ORGANIZATIONNAME = "Andriy Bas";
				TargetAttributes = {
					C7B150DE1B93012700A4579E = {
						CreatedOnToolsVersion = 7.0;
					};
					C7B150F21B93012800A4579E = {
						CreatedOnToolsVersion = 7.0;
						TestTargetID = C7B150DE1B93012700A4579E;
					};
					C7B150FD1B93012800A4579E = {
						CreatedOnToolsVersion = 7.0;
						TestTargetID = C7B150DE1B93012700A4579E;
					};
				};
			};
			buildConfigurationList = C7B150DA1B93012700A4579E /* Build configuration list for PBXProject "Dropit" */;
			compatibilityVersion = "Xcode 3.2";
			developmentRegion = English;
			hasScannedForEncodings = 0;
			knownRegions = (
				en,
				Base,
			);
			mainGroup = C7B150D61B93012700A4579E;
			productRefGroup = C7B150E01B93012700A4579E /* Products */;
			projectDirPath = "";
			projectRoot = "";
			targets = (
				C7B150DE1B93012700A4579E /* Dropit */,
				C7B150F21B93012800A4579E /* DropitTests */,
				C7B150FD1B93012800A4579E /* DropitUITests */,
			);
		};
/* End PBXProject section */

/* Begin PBXResourcesBuildPhase section */
		C7B150DD1B93012700A4579E /* Resources */ = {
			isa = PBXResourcesBuildPhase;
			buildActionMask = 2147483647;
			files = (
				C7B150ED1B93012700A4579E /* LaunchScreen.storyboard in Resources */,
				C7B150EA1B93012700A4579E /* Assets.xcassets in Resources */,
				C7B150E81B93012700A4579E /* Main.storyboard in Resources */,
			);
			runOnlyForDeploymentPostprocessing = 0;
		};
		C7B150F11B93012800A4579E /* Resources */ = {
			isa = PBXResourcesBuildPhase;
			buildActionMask = 2147483647;
			files = (
			);
			runOnlyForDeploymentPostprocessing = 0;
		};
		C7B150FC1B93012800A4579E /* Resources */ = {
			isa = PBXResourcesBuildPhase;
			buildActionMask = 2147483647;
			files = (
			);
			runOnlyForDeploymentPostprocessing = 0;
		};
/* End PBXResourcesBuildPhase section */

/* Begin PBXSourcesBuildPhase section */
		C7B150DB1B93012700A4579E /* Sources */ = {
			isa = PBXSourcesBuildPhase;
			buildActionMask = 2147483647;
			files = (
				C7B151171B93435E00A4579E /* BezierPathView.swift in Sources */,
				C7B151131B93016B00A4579E /* DropitViewController.swift in Sources */,
				C7B150E31B93012700A4579E /* AppDelegate.swift in Sources */,
				C7B151151B930CEF00A4579E /* DropitBehaviour.swift in Sources */,
			);
			runOnlyForDeploymentPostprocessing = 0;
		};
		C7B150EF1B93012800A4579E /* Sources */ = {
			isa = PBXSourcesBuildPhase;
			buildActionMask = 2147483647;
			files = (
				C7B150F81B93012800A4579E /* DropitTests.swift in Sources */,
			);
			runOnlyForDeploymentPostprocessing = 0;
		};
		C7B150FA1B93012800A4579E /* Sources */ = {
			isa = PBXSourcesBuildPhase;
			buildActionMask = 2147483647;
			files = (
				C7B151031B93012800A4579E /* DropitUITests.swift in Sources */,
			);
			runOnlyForDeploymentPostprocessing = 0;
		};
/* End PBXSourcesBuildPhase section */

/* Begin PBXTargetDependency section */
		C7B150F51B93012800A4579E /* PBXTargetDependency */ = {
			isa = PBXTargetDependency;
			target = C7B150DE1B93012700A4579E /* Dropit */;
			targetProxy = C7B150F41B93012800A4579E /* PBXContainerItemProxy */;
		};
		C7B151001B93012800A4579E /* PBXTargetDependency */ = {
			isa = PBXTargetDependency;
			target = C7B150DE1B93012700A4579E /* Dropit */;
			targetProxy = C7B150FF1B93012800A4579E /* PBXContainerItemProxy */;
		};
/* End PBXTargetDependency section */

/* Begin PBXVariantGroup section */
		C7B150E61B93012700A4579E /* Main.storyboard */ = {
			isa = PBXVariantGroup;
			children = (
				C7B150E71B93012700A4579E /* Base */,
			);
			name = Main.storyboard;
			sourceTree = "<group>";
		};
		C7B150EB1B93012700A4579E /* LaunchScreen.storyboard */ = {
			isa = PBXVariantGroup;
			children = (
				C7B150EC1B93012700A4579E /* Base */,
			);
			name = LaunchScreen.storyboard;
			sourceTree = "<group>";
		};
/* End PBXVariantGroup section */

/* Begin XCBuildConfiguration section */
		C7B151051B93012800A4579E /* Debug */ = {
			isa = XCBuildConfiguration;
			buildSettings = {
				ALWAYS_SEARCH_USER_PATHS = NO;
				CLANG_CXX_LANGUAGE_STANDARD = "gnu++0x";
				CLANG_CXX_LIBRARY = "libc++";
				CLANG_ENABLE_MODULES = YES;
				CLANG_ENABLE_OBJC_ARC = YES;
				CLANG_WARN_BOOL_CONVERSION = YES;
				CLANG_WARN_CONSTANT_CONVERSION = YES;
				CLANG_WARN_DIRECT_OBJC_ISA_USAGE = YES_ERROR;
				CLANG_WARN_EMPTY_BODY = YES;
				CLANG_WARN_ENUM_CONVERSION = YES;
				CLANG_WARN_INT_CONVERSION = YES;
				CLANG_WARN_OBJC_ROOT_CLASS = YES_ERROR;
				CLANG_WARN_UNREACHABLE_CODE = YES;
				CLANG_WARN__DUPLICATE_METHOD_MATCH = YES;
				"CODE_SIGN_IDENTITY[sdk=iphoneos*]" = "iPhone Developer";
				COPY_PHASE_STRIP = NO;
				DEBUG_INFORMATION_FORMAT = dwarf;
				ENABLE_STRICT_OBJC_MSGSEND = YES;
				ENABLE_TESTABILITY = YES;
				GCC_C_LANGUAGE_STANDARD = gnu99;
				GCC_DYNAMIC_NO_PIC = NO;
				GCC_NO_COMMON_BLOCKS = YES;
				GCC_OPTIMIZATION_LEVEL = 0;
				GCC_PREPROCESSOR_DEFINITIONS = (
					"DEBUG=1",
					"$(inherited)",
				);
				GCC_WARN_64_TO_32_BIT_CONVERSION = YES;
				GCC_WARN_ABOUT_RETURN_TYPE = YES_ERROR;
				GCC_WARN_UNDECLARED_SELECTOR = YES;
				GCC_WARN_UNINITIALIZED_AUTOS = YES_AGGRESSIVE;
				GCC_WARN_UNUSED_FUNCTION = YES;
				GCC_WARN_UNUSED_VARIABLE = YES;
				IPHONEOS_DEPLOYMENT_TARGET = 9.0;
				MTL_ENABLE_DEBUG_INFO = YES;
				ONLY_ACTIVE_ARCH = YES;
				SDKROOT = iphoneos;
				SWIFT_OPTIMIZATION_LEVEL = "-Onone";
				TARGETED_DEVICE_FAMILY = "1,2";
			};
			name = Debug;
		};
		C7B151061B93012800A4579E /* Release */ = {
			isa = XCBuildConfiguration;
			buildSettings = {
				ALWAYS_SEARCH_USER_PATHS = NO;
				CLANG_CXX_LANGUAGE_STANDARD = "gnu++0x";
				CLANG_CXX_LIBRARY = "libc++";
				CLANG_ENABLE_MODULES = YES;
				CLANG_ENABLE_OBJC_ARC = YES;
				CLANG_WARN_BOOL_CONVERSION = YES;
				CLANG_WARN_CONSTANT_CONVERSION = YES;
				CLANG_WARN_DIRECT_OBJC_ISA_USAGE = YES_ERROR;
				CLANG_WARN_EMPTY_BODY = YES;
				CLANG_WARN_ENUM_CONVERSION = YES;
				CLANG_WARN_INT_CONVERSION = YES;
				CLANG_WARN_OBJC_ROOT_CLASS = YES_ERROR;
				CLANG_WARN_UNREACHABLE_CODE = YES;
				CLANG_WARN__DUPLICATE_METHOD_MATCH = YES;
				"CODE_SIGN_IDENTITY[sdk=iphoneos*]" = "iPhone Developer";
				COPY_PHASE_STRIP = NO;
				DEBUG_INFORMATION_FORMAT = "dwarf-with-dsym";
				ENABLE_NS_ASSERTIONS = NO;
				ENABLE_STRICT_OBJC_MSGSEND = YES;
				GCC_C_LANGUAGE_STANDARD = gnu99;
				GCC_NO_COMMON_BLOCKS = YES;
				GCC_WARN_64_TO_32_BIT_CONVERSION = YES;
				GCC_WARN_ABOUT_RETURN_TYPE = YES_ERROR;
				GCC_WARN_UNDECLARED_SELECTOR = YES;
				GCC_WARN_UNINITIALIZED_AUTOS = YES_AGGRESSIVE;
				GCC_WARN_UNUSED_FUNCTION = YES;
				GCC_WARN_UNUSED_VARIABLE = YES;
				IPHONEOS_DEPLOYMENT_TARGET = 9.0;
				MTL_ENABLE_DEBUG_INFO = NO;
				SDKROOT = iphoneos;
				TARGETED_DEVICE_FAMILY = "1,2";
				VALIDATE_PRODUCT = YES;
			};
			name = Release;
		};
		C7B151081B93012800A4579E /* Debug */ = {
			isa = XCBuildConfiguration;
			buildSettings = {
				ASSETCATALOG_COMPILER_APPICON_NAME = AppIcon;
				INFOPLIST_FILE = Dropit/Info.plist;
				LD_RUNPATH_SEARCH_PATHS = "$(inherited) @executable_path/Frameworks";
				PRODUCT_BUNDLE_IDENTIFIER = Oyster.Dropit;
				PRODUCT_NAME = "$(TARGET_NAME)";
			};
			name = Debug;
		};
		C7B151091B93012800A4579E /* Release */ = {
			isa = XCBuildConfiguration;
			buildSettings = {
				ASSETCATALOG_COMPILER_APPICON_NAME = AppIcon;
				INFOPLIST_FILE = Dropit/Info.plist;
				LD_RUNPATH_SEARCH_PATHS = "$(inherited) @executable_path/Frameworks";
				PRODUCT_BUNDLE_IDENTIFIER = Oyster.Dropit;
				PRODUCT_NAME = "$(TARGET_NAME)";
			};
			name = Release;
		};
		C7B1510B1B93012800A4579E /* Debug */ = {
			isa = XCBuildConfiguration;
			buildSettings = {
				BUNDLE_LOADER = "$(TEST_HOST)";
				INFOPLIST_FILE = DropitTests/Info.plist;
				LD_RUNPATH_SEARCH_PATHS = "$(inherited) @executable_path/Frameworks @loader_path/Frameworks";
				PRODUCT_BUNDLE_IDENTIFIER = Oyster.DropitTests;
				PRODUCT_NAME = "$(TARGET_NAME)";
				TEST_HOST = "$(BUILT_PRODUCTS_DIR)/Dropit.app/Dropit";
			};
			name = Debug;
		};
		C7B1510C1B93012800A4579E /* Release */ = {
			isa = XCBuildConfiguration;
			buildSettings = {
				BUNDLE_LOADER = "$(TEST_HOST)";
				INFOPLIST_FILE = DropitTests/Info.plist;
				LD_RUNPATH_SEARCH_PATHS = "$(inherited) @executable_path/Frameworks @loader_path/Frameworks";
				PRODUCT_BUNDLE_IDENTIFIER = Oyster.DropitTests;
				PRODUCT_NAME = "$(TARGET_NAME)";
				TEST_HOST = "$(BUILT_PRODUCTS_DIR)/Dropit.app/Dropit";
			};
			name = Release;
		};
		C7B1510E1B93012800A4579E /* Debug */ = {
			isa = XCBuildConfiguration;
			buildSettings = {
				INFOPLIST_FILE = DropitUITests/Info.plist;
				LD_RUNPATH_SEARCH_PATHS = "$(inherited) @executable_path/Frameworks @loader_path/Frameworks";
				PRODUCT_BUNDLE_IDENTIFIER = Oyster.DropitUITests;
				PRODUCT_NAME = "$(TARGET_NAME)";
				TEST_TARGET_NAME = Dropit;
				USES_XCTRUNNER = YES;
			};
			name = Debug;
		};
		C7B1510F1B93012800A4579E /* Release */ = {
			isa = XCBuildConfiguration;
			buildSettings = {
				INFOPLIST_FILE = DropitUITests/Info.plist;
				LD_RUNPATH_SEARCH_PATHS = "$(inherited) @executable_path/Frameworks @loader_path/Frameworks";
				PRODUCT_BUNDLE_IDENTIFIER = Oyster.DropitUITests;
				PRODUCT_NAME = "$(TARGET_NAME)";
				TEST_TARGET_NAME = Dropit;
				USES_XCTRUNNER = YES;
			};
			name = Release;
		};
/* End XCBuildConfiguration section */

/* Begin XCConfigurationList section */
		C7B150DA1B93012700A4579E /* Build configuration list for PBXProject "Dropit" */ = {
			isa = XCConfigurationList;
			buildConfigurations = (
				C7B151051B93012800A4579E /* Debug */,
				C7B151061B93012800A4579E /* Release */,
			);
			defaultConfigurationIsVisible = 0;
			defaultConfigurationName = Release;
		};
		C7B151071B93012800A4579E /* Build configuration list for PBXNativeTarget "Dropit" */ = {
			isa = XCConfigurationList;
			buildConfigurations = (
				C7B151081B93012800A4579E /* Debug */,
				C7B151091B93012800A4579E /* Release */,
			);
			defaultConfigurationIsVisible = 0;
		};
		C7B1510A1B93012800A4579E /* Build configuration list for PBXNativeTarget "DropitTests" */ = {
			isa = XCConfigurationList;
			buildConfigurations = (
				C7B1510B1B93012800A4579E /* Debug */,
				C7B1510C1B93012800A4579E /* Release */,
			);
			defaultConfigurationIsVisible = 0;
		};
		C7B1510D1B93012800A4579E /* Build configuration list for PBXNativeTarget "DropitUITests" */ = {
			isa = XCConfigurationList;
			buildConfigurations = (
				C7B1510E1B93012800A4579E /* Debug */,
				C7B1510F1B93012800A4579E /* Release */,
			);
			defaultConfigurationIsVisible = 0;
		};
/* End XCConfigurationList section */
	};
	rootObject = C7B150D71B93012700A4579E /* Project object */;
}
